{
    "name": "javascript-test-library",
    "version": "0.1.1",
    "lockfileVersion": 3,
    "requires": true,
    "packages": {
        "": {
            "name": "javascript-test-library",
            "version": "0.1.1",
            "license": "GPL-3.0",
            "devDependencies": {
                "@types/.": "*"
            }
        }
    }
}
